
Microsoft Visual Studio Solution File, Format Version 12.00
# Visual Studio Version 16
VisualStudioVersion = 16.0.32510.428
MinimumVisualStudioVersion = 10.0.40219.1
Project("{FAE04EC0-301F-11D3-BF4B-00C04F79EFBC}") = "ConsoleAppParsingEnums262", "ConsoleAppParsingEnums262\ConsoleAppParsingEnums262.csproj", "{D0AB75AF-15B7-4BFC-A77C-47122D568A6E}"
EndProject
Global
	GlobalSection(SolutionConfigurationPlatforms) = preSolution
		Debug|Any CPU = Debug|Any CPU
		Release|Any CPU = Release|Any CPU
	EndGlobalSection
	GlobalSection(ProjectConfigurationPlatforms) = postSolution
		{D0AB75AF-15B7-4BFC-A77C-47122D568A6E}.Debug|Any CPU.ActiveCfg = Debug|Any CPU
		{D0AB75AF-15B7-4BFC-A77C-47122D568A6E}.Debug|Any CPU.Build.0 = Debug|Any CPU
		{D0AB75AF-15B7-4BFC-A77C-47122D568A6E}.Release|Any CPU.ActiveCfg = Release|Any CPU
		{D0AB75AF-15B7-4BFC-A77C-47122D568A6E}.Release|Any CPU.Build.0 = Release|Any CPU
	EndGlobalSection
	GlobalSection(SolutionProperties) = preSolution
		HideSolutionNode = FALSE
	EndGlobalSection
	GlobalSection(ExtensibilityGlobals) = postSolution
		SolutionGuid = {B846D45F-42E2-4FC2-A7CF-B43F64727FA8}
	EndGlobalSection
EndGlobal
