
Microsoft Visual Studio Solution File, Format Version 12.00
# Visual Studio Version 16
VisualStudioVersion = 16.0.32510.428
MinimumVisualStudioVersion = 10.0.40219.1
Project("{FAE04EC0-301F-11D3-BF4B-00C04F79EFBC}") = "ConsoleAppMethodAssignment", "ConsoleAppMethodAssignment\ConsoleAppMethodAssignment.csproj", "{090FA9F9-3579-420C-9FD9-C56FEEC3F76F}"
EndProject
Global
	GlobalSection(SolutionConfigurationPlatforms) = preSolution
		Debug|Any CPU = Debug|Any CPU
		Release|Any CPU = Release|Any CPU
	EndGlobalSection
	GlobalSection(ProjectConfigurationPlatforms) = postSolution
		{090FA9F9-3579-420C-9FD9-C56FEEC3F76F}.Debug|Any CPU.ActiveCfg = Debug|Any CPU
		{090FA9F9-3579-420C-9FD9-C56FEEC3F76F}.Debug|Any CPU.Build.0 = Debug|Any CPU
		{090FA9F9-3579-420C-9FD9-C56FEEC3F76F}.Release|Any CPU.ActiveCfg = Release|Any CPU
		{090FA9F9-3579-420C-9FD9-C56FEEC3F76F}.Release|Any CPU.Build.0 = Release|Any CPU
	EndGlobalSection
	GlobalSection(SolutionProperties) = preSolution
		HideSolutionNode = FALSE
	EndGlobalSection
	GlobalSection(ExtensibilityGlobals) = postSolution
		SolutionGuid = {AF710E13-9BDB-441F-B45E-2D4497276385}
	EndGlobalSection
EndGlobal
